
Microsoft Visual Studio Solution File, Format Version 12.00
# Visual Studio Version 17
VisualStudioVersion = 17.9.34728.123
MinimumVisualStudioVersion = 10.0.40219.1
Project("{9A19103F-16F7-4668-BE54-9A1E7A4F7556}") = "API-Nile", "API\API-Nile.csproj", "{F97218BA-6275-43C2-9705-DB571DD1C2E3}"
EndProject
Project("{9A19103F-16F7-4668-BE54-9A1E7A4F7556}") = "Core-Nile", "Core-Nile\Core-Nile.csproj", "{338556F4-C901-4161-A92E-70CCC573AE75}"
EndProject
Project("{9A19103F-16F7-4668-BE54-9A1E7A4F7556}") = "Model.Nile", "Model-Nile\Model.Nile.csproj", "{2A2A184C-2E1D-47F6-89CE-F53FCD058680}"
EndProject
Project("{2150E333-8FDC-42A3-9474-1A3956D46DE8}") = "src", "src", "{EB9014F8-E3D2-41A1-AB94-CFD7968C3034}"
EndProject
Project("{2150E333-8FDC-42A3-9474-1A3956D46DE8}") = "API", "API", "{4A4FFD62-B0AE-417E-8989-09896B09BC56}"
EndProject
Project("{2150E333-8FDC-42A3-9474-1A3956D46DE8}") = "Core", "Core", "{D6352AED-1D58-4798-A99F-AA3B8EFB859B}"
EndProject
Project("{2150E333-8FDC-42A3-9474-1A3956D46DE8}") = "Jobs", "Jobs", "{0C765CAE-8370-4C39-89BF-CFA7D84CDBB2}"
EndProject
Project("{2150E333-8FDC-42A3-9474-1A3956D46DE8}") = "Test", "Test", "{A64AF91F-E38C-4167-B890-0FCF6E4AA180}"
EndProject
Project("{9A19103F-16F7-4668-BE54-9A1E7A4F7556}") = "Job.Calender", "Job.Calender\Job.Calender.csproj", "{F856C283-CB8E-4530-8438-C61462D4D429}"
EndProject
Project("{9A19103F-16F7-4668-BE54-9A1E7A4F7556}") = "Calender.Core.Nile", "Calender.Core.Nile\Calender.Core.Nile.csproj", "{8DCFF44F-49AF-4E9A-8B27-D7D3F64175F7}"
EndProject
Project("{FAE04EC0-301F-11D3-BF4B-00C04F79EFBC}") = "Test.Nile", "Test.Nile\Test.Nile.csproj", "{6A0FC337-C8E5-4646-B9A4-5CBAD6BB3871}"
EndProject
Project("{FAE04EC0-301F-11D3-BF4B-00C04F79EFBC}") = "Common.Nile", "Common.Nile\Common.Nile.csproj", "{33EB33F6-5D0A-4CCE-8A97-D2ACF4AA360C}"
EndProject
Global
	GlobalSection(SolutionConfigurationPlatforms) = preSolution
		Debug|Any CPU = Debug|Any CPU
		Release|Any CPU = Release|Any CPU
	EndGlobalSection
	GlobalSection(ProjectConfigurationPlatforms) = postSolution
		{F97218BA-6275-43C2-9705-DB571DD1C2E3}.Debug|Any CPU.ActiveCfg = Debug|Any CPU
		{F97218BA-6275-43C2-9705-DB571DD1C2E3}.Debug|Any CPU.Build.0 = Debug|Any CPU
		{F97218BA-6275-43C2-9705-DB571DD1C2E3}.Release|Any CPU.ActiveCfg = Release|Any CPU
		{F97218BA-6275-43C2-9705-DB571DD1C2E3}.Release|Any CPU.Build.0 = Release|Any CPU
		{338556F4-C901-4161-A92E-70CCC573AE75}.Debug|Any CPU.ActiveCfg = Debug|Any CPU
		{338556F4-C901-4161-A92E-70CCC573AE75}.Debug|Any CPU.Build.0 = Debug|Any CPU
		{338556F4-C901-4161-A92E-70CCC573AE75}.Release|Any CPU.ActiveCfg = Release|Any CPU
		{338556F4-C901-4161-A92E-70CCC573AE75}.Release|Any CPU.Build.0 = Release|Any CPU
		{2A2A184C-2E1D-47F6-89CE-F53FCD058680}.Debug|Any CPU.ActiveCfg = Debug|Any CPU
		{2A2A184C-2E1D-47F6-89CE-F53FCD058680}.Debug|Any CPU.Build.0 = Debug|Any CPU
		{2A2A184C-2E1D-47F6-89CE-F53FCD058680}.Release|Any CPU.ActiveCfg = Release|Any CPU
		{2A2A184C-2E1D-47F6-89CE-F53FCD058680}.Release|Any CPU.Build.0 = Release|Any CPU
		{F856C283-CB8E-4530-8438-C61462D4D429}.Debug|Any CPU.ActiveCfg = Debug|Any CPU
		{F856C283-CB8E-4530-8438-C61462D4D429}.Debug|Any CPU.Build.0 = Debug|Any CPU
		{F856C283-CB8E-4530-8438-C61462D4D429}.Release|Any CPU.ActiveCfg = Release|Any CPU
		{F856C283-CB8E-4530-8438-C61462D4D429}.Release|Any CPU.Build.0 = Release|Any CPU
		{8DCFF44F-49AF-4E9A-8B27-D7D3F64175F7}.Debug|Any CPU.ActiveCfg = Debug|Any CPU
		{8DCFF44F-49AF-4E9A-8B27-D7D3F64175F7}.Debug|Any CPU.Build.0 = Debug|Any CPU
		{8DCFF44F-49AF-4E9A-8B27-D7D3F64175F7}.Release|Any CPU.ActiveCfg = Release|Any CPU
		{8DCFF44F-49AF-4E9A-8B27-D7D3F64175F7}.Release|Any CPU.Build.0 = Release|Any CPU
		{6A0FC337-C8E5-4646-B9A4-5CBAD6BB3871}.Debug|Any CPU.ActiveCfg = Debug|Any CPU
		{6A0FC337-C8E5-4646-B9A4-5CBAD6BB3871}.Debug|Any CPU.Build.0 = Debug|Any CPU
		{6A0FC337-C8E5-4646-B9A4-5CBAD6BB3871}.Release|Any CPU.ActiveCfg = Release|Any CPU
		{6A0FC337-C8E5-4646-B9A4-5CBAD6BB3871}.Release|Any CPU.Build.0 = Release|Any CPU
		{33EB33F6-5D0A-4CCE-8A97-D2ACF4AA360C}.Debug|Any CPU.ActiveCfg = Debug|Any CPU
		{33EB33F6-5D0A-4CCE-8A97-D2ACF4AA360C}.Debug|Any CPU.Build.0 = Debug|Any CPU
		{33EB33F6-5D0A-4CCE-8A97-D2ACF4AA360C}.Release|Any CPU.ActiveCfg = Release|Any CPU
		{33EB33F6-5D0A-4CCE-8A97-D2ACF4AA360C}.Release|Any CPU.Build.0 = Release|Any CPU
	EndGlobalSection
	GlobalSection(SolutionProperties) = preSolution
		HideSolutionNode = FALSE
	EndGlobalSection
	GlobalSection(NestedProjects) = preSolution
		{F97218BA-6275-43C2-9705-DB571DD1C2E3} = {4A4FFD62-B0AE-417E-8989-09896B09BC56}
		{338556F4-C901-4161-A92E-70CCC573AE75} = {D6352AED-1D58-4798-A99F-AA3B8EFB859B}
		{2A2A184C-2E1D-47F6-89CE-F53FCD058680} = {D6352AED-1D58-4798-A99F-AA3B8EFB859B}
		{4A4FFD62-B0AE-417E-8989-09896B09BC56} = {EB9014F8-E3D2-41A1-AB94-CFD7968C3034}
		{D6352AED-1D58-4798-A99F-AA3B8EFB859B} = {EB9014F8-E3D2-41A1-AB94-CFD7968C3034}
		{0C765CAE-8370-4C39-89BF-CFA7D84CDBB2} = {EB9014F8-E3D2-41A1-AB94-CFD7968C3034}
		{A64AF91F-E38C-4167-B890-0FCF6E4AA180} = {EB9014F8-E3D2-41A1-AB94-CFD7968C3034}
		{F856C283-CB8E-4530-8438-C61462D4D429} = {0C765CAE-8370-4C39-89BF-CFA7D84CDBB2}
		{8DCFF44F-49AF-4E9A-8B27-D7D3F64175F7} = {D6352AED-1D58-4798-A99F-AA3B8EFB859B}
		{6A0FC337-C8E5-4646-B9A4-5CBAD6BB3871} = {A64AF91F-E38C-4167-B890-0FCF6E4AA180}
		{33EB33F6-5D0A-4CCE-8A97-D2ACF4AA360C} = {D6352AED-1D58-4798-A99F-AA3B8EFB859B}
	EndGlobalSection
	GlobalSection(ExtensibilityGlobals) = postSolution
		SolutionGuid = {72B846C6-A937-4151-A758-4D2636A6217B}
	EndGlobalSection
EndGlobal
